
Microsoft Visual Studio Solution File, Format Version 12.00
# Visual Studio Version 17
VisualStudioVersion = 17.10.35122.118
MinimumVisualStudioVersion = 10.0.40219.1
Project("{FAE04EC0-301F-11D3-BF4B-00C04F79EFBC}") = "Gateway", "Gateway\Gateway.csproj", "{E217A37D-6C3D-46FE-9EFC-3849EDD84BB8}"
EndProject
Global
	GlobalSection(SolutionConfigurationPlatforms) = preSolution
		Debug|Any CPU = Debug|Any CPU
		Release|Any CPU = Release|Any CPU
	EndGlobalSection
	GlobalSection(ProjectConfigurationPlatforms) = postSolution
		{E217A37D-6C3D-46FE-9EFC-3849EDD84BB8}.Debug|Any CPU.ActiveCfg = Debug|Any CPU
		{E217A37D-6C3D-46FE-9EFC-3849EDD84BB8}.Debug|Any CPU.Build.0 = Debug|Any CPU
		{E217A37D-6C3D-46FE-9EFC-3849EDD84BB8}.Release|Any CPU.ActiveCfg = Release|Any CPU
		{E217A37D-6C3D-46FE-9EFC-3849EDD84BB8}.Release|Any CPU.Build.0 = Release|Any CPU
	EndGlobalSection
	GlobalSection(SolutionProperties) = preSolution
		HideSolutionNode = FALSE
	EndGlobalSection
	GlobalSection(ExtensibilityGlobals) = postSolution
		SolutionGuid = {7B2BBAB3-C72E-457D-BEBA-3A64351BDD43}
	EndGlobalSection
EndGlobal
